// !$*UTF8*$!
{
	archiveVersion = 1;
	classes = {
	};
	objectVersion = 46;
	objects = {

/* Begin PBXBuildFile section */
		864E1F461DBB82200075C1D2 /* main.m in Sources */ = {isa = PBXBuildFile; fileRef = 864E1F451DBB82200075C1D2 /* main.m */; };
		864E1F491DBB82200075C1D2 /* AppDelegate.m in Sources */ = {isa = PBXBuildFile; fileRef = 864E1F481DBB82200075C1D2 /* AppDelegate.m */; };
		864E1F4C1DBB82200075C1D2 /* ViewController.m in Sources */ = {isa = PBXBuildFile; fileRef = 864E1F4B1DBB82200075C1D2 /* ViewController.m */; };
		864E1F4F1DBB82200075C1D2 /* Main.storyboard in Resources */ = {isa = PBXBuildFile; fileRef = 864E1F4D1DBB82200075C1D2 /* Main.storyboard */; };
		864E1F511DBB82200075C1D2 /* Assets.xcassets in Resources */ = {isa = PBXBuildFile; fileRef = 864E1F501DBB82200075C1D2 /* Assets.xcassets */; };
		864E1F541DBB82200075C1D2 /* LaunchScreen.storyboard in Resources */ = {isa = PBXBuildFile; fileRef = 864E1F521DBB82200075C1D2 /* LaunchScreen.storyboard */; };
		864E1F5F1DBB82200075C1D2 /* LX10_22Tests.m in Sources */ = {isa = PBXBuildFile; fileRef = 864E1F5E1DBB82200075C1D2 /* LX10_22Tests.m */; };
		864E1F6A1DBB82200075C1D2 /* LX10_22UITests.m in Sources */ = {isa = PBXBuildFile; fileRef = 864E1F691DBB82200075C1D2 /* LX10_22UITests.m */; };
/* End PBXBuildFile section */

/* Begin PBXContainerItemProxy section */
		864E1F5B1DBB82200075C1D2 /* PBXContainerItemProxy */ = {
			isa = PBXContainerItemProxy;
			containerPortal = 864E1F391DBB82200075C1D2 /* Project object */;
			proxyType = 1;
			remoteGlobalIDString = 864E1F401DBB82200075C1D2;
			remoteInfo = LX10.22;
		};
		864E1F661DBB82200075C1D2 /* PBXContainerItemProxy */ = {
			isa = PBXContainerItemProxy;
			containerPortal = 864E1F391DBB82200075C1D2 /* Project object */;
			proxyType = 1;
			remoteGlobalIDString = 864E1F401DBB82200075C1D2;
			remoteInfo = LX10.22;
		};
/* End PBXContainerItemProxy section */

/* Begin PBXFileReference section */
		864E1F411DBB82200075C1D2 /* LX10.22.app */ = {isa = PBXFileReference; explicitFileType = wrapper.application; includeInIndex = 0; path = LX10.22.app; sourceTree = BUILT_PRODUCTS_DIR; };
		864E1F451DBB82200075C1D2 /* main.m */ = {isa = PBXFileReference; lastKnownFileType = sourcecode.c.objc; path = main.m; sourceTree = "<group>"; };
		864E1F471DBB82200075C1D2 /* AppDelegate.h */ = {isa = PBXFileReference; lastKnownFileType = sourcecode.c.h; path = AppDelegate.h; sourceTree = "<group>"; };
		864E1F481DBB82200075C1D2 /* AppDelegate.m */ = {isa = PBXFileReference; lastKnownFileType = sourcecode.c.objc; path = AppDelegate.m; sourceTree = "<group>"; };
		864E1F4A1DBB82200075C1D2 /* ViewController.h */ = {isa = PBXFileReference; lastKnownFileType = sourcecode.c.h; path = ViewController.h; sourceTree = "<group>"; };
		864E1F4B1DBB82200075C1D2 /* ViewController.m */ = {isa = PBXFileReference; lastKnownFileType = sourcecode.c.objc; path = ViewController.m; sourceTree = "<group>"; };
		864E1F4E1DBB82200075C1D2 /* Base */ = {isa = PBXFileReference; lastKnownFileType = file.storyboard; name = Base; path = Base.lproj/Main.storyboard; sourceTree = "<group>"; };
		864E1F501DBB82200075C1D2 /* Assets.xcassets */ = {isa = PBXFileReference; lastKnownFileType = folder.assetcatalog; path = Assets.xcassets; sourceTree = "<group>"; };
		864E1F531DBB82200075C1D2 /* Base */ = {isa = PBXFileReference; lastKnownFileType = file.storyboard; name = Base; path = Base.lproj/LaunchScreen.storyboard; sourceTree = "<group>"; };
		864E1F551DBB82200075C1D2 /* Info.plist */ = {isa = PBXFileReference; lastKnownFileType = text.plist.xml; path = Info.plist; sourceTree = "<group>"; };
		864E1F5A1DBB82200075C1D2 /* LX10.22Tests.xctest */ = {isa = PBXFileReference; explicitFileType = wrapper.cfbundle; includeInIndex = 0; path = LX10.22Tests.xctest; sourceTree = BUILT_PRODUCTS_DIR; };
		864E1F5E1DBB82200075C1D2 /* LX10_22Tests.m */ = {isa = PBXFileReference; lastKnownFileType = sourcecode.c.objc; path = LX10_22Tests.m; sourceTree = "<group>"; };
		864E1F601DBB82200075C1D2 /* Info.plist */ = {isa = PBXFileReference; lastKnownFileType = text.plist.xml; path = Info.plist; sourceTree = "<group>"; };
		864E1F651DBB82200075C1D2 /* LX10.22UITests.xctest */ = {isa = PBXFileReference; explicitFileType = wrapper.cfbundle; includeInIndex = 0; path = LX10.22UITests.xctest; sourceTree = BUILT_PRODUCTS_DIR; };
		864E1F691DBB82200075C1D2 /* LX10_22UITests.m */ = {isa = PBXFileReference; lastKnownFileType = sourcecode.c.objc; path = LX10_22UITests.m; sourceTree = "<group>"; };
		864E1F6B1DBB82200075C1D2 /* Info.plist */ = {isa = PBXFileReference; lastKnownFileType = text.plist.xml; path = Info.plist; sourceTree = "<group>"; };
/* End PBXFileReference section */

/* Begin PBXFrameworksBuildPhase section */
		864E1F3E1DBB82200075C1D2 /* Frameworks */ = {
			isa = PBXFrameworksBuildPhase;
			buildActionMask = 2147483647;
			files = (
			);
			runOnlyForDeploymentPostprocessing = 0;
		};
		864E1F571DBB82200075C1D2 /* Frameworks */ = {
			isa = PBXFrameworksBuildPhase;
			buildActionMask = 2147483647;
			files = (
			);
			runOnlyForDeploymentPostprocessing = 0;
		};
		864E1F621DBB82200075C1D2 /* Frameworks */ = {
			isa = PBXFrameworksBuildPhase;
			buildActionMask = 2147483647;
			files = (
			);
			runOnlyForDeploymentPostprocessing = 0;
		};
/* End PBXFrameworksBuildPhase section */

/* Begin PBXGroup section */
		864E1F381DBB82200075C1D2 = {
			isa = PBXGroup;
			children = (
				864E1F431DBB82200075C1D2 /* LX10.22 */,
				864E1F5D1DBB82200075C1D2 /* LX10.22Tests */,
				864E1F681DBB82200075C1D2 /* LX10.22UITests */,
				864E1F421DBB82200075C1D2 /* Products */,
			);
			sourceTree = "<group>";
		};
		864E1F421DBB82200075C1D2 /* Products */ = {
			isa = PBXGroup;
			children = (
				864E1F411DBB82200075C1D2 /* LX10.22.app */,
				864E1F5A1DBB82200075C1D2 /* LX10.22Tests.xctest */,
				864E1F651DBB82200075C1D2 /* LX10.22UITests.xctest */,
			);
			name = Products;
			sourceTree = "<group>";
		};
		864E1F431DBB82200075C1D2 /* LX10.22 */ = {
			isa = PBXGroup;
			children = (
				864E1F471DBB82200075C1D2 /* AppDelegate.h */,
				864E1F481DBB82200075C1D2 /* AppDelegate.m */,
				864E1F4A1DBB82200075C1D2 /* ViewController.h */,
				864E1F4B1DBB82200075C1D2 /* ViewController.m */,
				864E1F4D1DBB82200075C1D2 /* Main.storyboard */,
				864E1F501DBB82200075C1D2 /* Assets.xcassets */,
				864E1F521DBB82200075C1D2 /* LaunchScreen.storyboard */,
				864E1F551DBB82200075C1D2 /* Info.plist */,
				864E1F441DBB82200075C1D2 /* Supporting Files */,
			);
			path = LX10.22;
			sourceTree = "<group>";
		};
		864E1F441DBB82200075C1D2 /* Supporting Files */ = {
			isa = PBXGroup;
			children = (
				864E1F451DBB82200075C1D2 /* main.m */,
			);
			name = "Supporting Files";
			sourceTree = "<group>";
		};
		864E1F5D1DBB82200075C1D2 /* LX10.22Tests */ = {
			isa = PBXGroup;
			children = (
				864E1F5E1DBB82200075C1D2 /* LX10_22Tests.m */,
				864E1F601DBB82200075C1D2 /* Info.plist */,
			);
			path = LX10.22Tests;
			sourceTree = "<group>";
		};
		864E1F681DBB82200075C1D2 /* LX10.22UITests */ = {
			isa = PBXGroup;
			children = (
				864E1F691DBB82200075C1D2 /* LX10_22UITests.m */,
				864E1F6B1DBB82200075C1D2 /* Info.plist */,
			);
			path = LX10.22UITests;
			sourceTree = "<group>";
		};
/* End PBXGroup section */

/* Begin PBXNativeTarget section */
		864E1F401DBB82200075C1D2 /* LX10.22 */ = {
			isa = PBXNativeTarget;
			buildConfigurationList = 864E1F6E1DBB82200075C1D2 /* Build configuration list for PBXNativeTarget "LX10.22" */;
			buildPhases = (
				864E1F3D1DBB82200075C1D2 /* Sources */,
				864E1F3E1DBB82200075C1D2 /* Frameworks */,
				864E1F3F1DBB82200075C1D2 /* Resources */,
			);
			buildRules = (
			);
			dependencies = (
			);
			name = LX10.22;
			productName = LX10.22;
			productReference = 864E1F411DBB82200075C1D2 /* LX10.22.app */;
			productType = "com.apple.product-type.application";
		};
		864E1F591DBB82200075C1D2 /* LX10.22Tests */ = {
			isa = PBXNativeTarget;
			buildConfigurationList = 864E1F711DBB82200075C1D2 /* Build configuration list for PBXNativeTarget "LX10.22Tests" */;
			buildPhases = (
				864E1F561DBB82200075C1D2 /* Sources */,
				864E1F571DBB82200075C1D2 /* Frameworks */,
				864E1F581DBB82200075C1D2 /* Resources */,
			);
			buildRules = (
			);
			dependencies = (
				864E1F5C1DBB82200075C1D2 /* PBXTargetDependency */,
			);
			name = LX10.22Tests;
			productName = LX10.22Tests;
			productReference = 864E1F5A1DBB82200075C1D2 /* LX10.22Tests.xctest */;
			productType = "com.apple.product-type.bundle.unit-test";
		};
		864E1F641DBB82200075C1D2 /* LX10.22UITests */ = {
			isa = PBXNativeTarget;
			buildConfigurationList = 864E1F741DBB82200075C1D2 /* Build configuration list for PBXNativeTarget "LX10.22UITests" */;
			buildPhases = (
				864E1F611DBB82200075C1D2 /* Sources */,
				864E1F621DBB82200075C1D2 /* Frameworks */,
				864E1F631DBB82200075C1D2 /* Resources */,
			);
			buildRules = (
			);
			dependencies = (
				864E1F671DBB82200075C1D2 /* PBXTargetDependency */,
			);
			name = LX10.22UITests;
			productName = LX10.22UITests;
			productReference = 864E1F651DBB82200075C1D2 /* LX10.22UITests.xctest */;
			productType = "com.apple.product-type.bundle.ui-testing";
		};
/* End PBXNativeTarget section */

/* Begin PBXProject section */
		864E1F391DBB82200075C1D2 /* Project object */ = {
			isa = PBXProject;
			attributes = {
				LastUpgradeCheck = 0800;
				ORGANIZATIONNAME = "Jone He";
				TargetAttributes = {
					864E1F401DBB82200075C1D2 = {
						CreatedOnToolsVersion = 8.0;
						ProvisioningStyle = Automatic;
					};
					864E1F591DBB82200075C1D2 = {
						CreatedOnToolsVersion = 8.0;
						ProvisioningStyle = Automatic;
						TestTargetID = 864E1F401DBB82200075C1D2;
					};
					864E1F641DBB82200075C1D2 = {
						CreatedOnToolsVersion = 8.0;
						ProvisioningStyle = Automatic;
						TestTargetID = 864E1F401DBB82200075C1D2;
					};
				};
			};
			buildConfigurationList = 864E1F3C1DBB82200075C1D2 /* Build configuration list for PBXProject "LX10.22" */;
			compatibilityVersion = "Xcode 3.2";
			developmentRegion = English;
			hasScannedForEncodings = 0;
			knownRegions = (
				en,
				Base,
			);
			mainGroup = 864E1F381DBB82200075C1D2;
			productRefGroup = 864E1F421DBB82200075C1D2 /* Products */;
			projectDirPath = "";
			projectRoot = "";
			targets = (
				864E1F401DBB82200075C1D2 /* LX10.22 */,
				864E1F591DBB82200075C1D2 /* LX10.22Tests */,
				864E1F641DBB82200075C1D2 /* LX10.22UITests */,
			);
		};
/* End PBXProject section */

/* Begin PBXResourcesBuildPhase section */
		864E1F3F1DBB82200075C1D2 /* Resources */ = {
			isa = PBXResourcesBuildPhase;
			buildActionMask = 2147483647;
			files = (
				864E1F541DBB82200075C1D2 /* LaunchScreen.storyboard in Resources */,
				864E1F511DBB82200075C1D2 /* Assets.xcassets in Resources */,
				864E1F4F1DBB82200075C1D2 /* Main.storyboard in Resources */,
			);
			runOnlyForDeploymentPostprocessing = 0;
		};
		864E1F581DBB82200075C1D2 /* Resources */ = {
			isa = PBXResourcesBuildPhase;
			buildActionMask = 2147483647;
			files = (
			);
			runOnlyForDeploymentPostprocessing = 0;
		};
		864E1F631DBB82200075C1D2 /* Resources */ = {
			isa = PBXResourcesBuildPhase;
			buildActionMask = 2147483647;
			files = (
			);
			runOnlyForDeploymentPostprocessing = 0;
		};
/* End PBXResourcesBuildPhase section */

/* Begin PBXSourcesBuildPhase section */
		864E1F3D1DBB82200075C1D2 /* Sources */ = {
			isa = PBXSourcesBuildPhase;
			buildActionMask = 2147483647;
			files = (
				864E1F4C1DBB82200075C1D2 /* ViewController.m in Sources */,
				864E1F491DBB82200075C1D2 /* AppDelegate.m in Sources */,
				864E1F461DBB82200075C1D2 /* main.m in Sources */,
			);
			runOnlyForDeploymentPostprocessing = 0;
		};
		864E1F561DBB82200075C1D2 /* Sources */ = {
			isa = PBXSourcesBuildPhase;
			buildActionMask = 2147483647;
			files = (
				864E1F5F1DBB82200075C1D2 /* LX10_22Tests.m in Sources */,
			);
			runOnlyForDeploymentPostprocessing = 0;
		};
		864E1F611DBB82200075C1D2 /* Sources */ = {
			isa = PBXSourcesBuildPhase;
			buildActionMask = 2147483647;
			files = (
				864E1F6A1DBB82200075C1D2 /* LX10_22UITests.m in Sources */,
			);
			runOnlyForDeploymentPostprocessing = 0;
		};
/* End PBXSourcesBuildPhase section */

/* Begin PBXTargetDependency section */
		864E1F5C1DBB82200075C1D2 /* PBXTargetDependency */ = {
			isa = PBXTargetDependency;
			target = 864E1F401DBB82200075C1D2 /* LX10.22 */;
			targetProxy = 864E1F5B1DBB82200075C1D2 /* PBXContainerItemProxy */;
		};
		864E1F671DBB82200075C1D2 /* PBXTargetDependency */ = {
			isa = PBXTargetDependency;
			target = 864E1F401DBB82200075C1D2 /* LX10.22 */;
			targetProxy = 864E1F661DBB82200075C1D2 /* PBXContainerItemProxy */;
		};
/* End PBXTargetDependency section */

/* Begin PBXVariantGroup section */
		864E1F4D1DBB82200075C1D2 /* Main.storyboard */ = {
			isa = PBXVariantGroup;
			children = (
				864E1F4E1DBB82200075C1D2 /* Base */,
			);
			name = Main.storyboard;
			sourceTree = "<group>";
		};
		864E1F521DBB82200075C1D2 /* LaunchScreen.storyboard */ = {
			isa = PBXVariantGroup;
			children = (
				864E1F531DBB82200075C1D2 /* Base */,
			);
			name = LaunchScreen.storyboard;
			sourceTree = "<group>";
		};
/* End PBXVariantGroup section */

/* Begin XCBuildConfiguration section */
		864E1F6C1DBB82200075C1D2 /* Debug */ = {
			isa = XCBuildConfiguration;
			buildSettings = {
				ALWAYS_SEARCH_USER_PATHS = NO;
				CLANG_ANALYZER_NONNULL = YES;
				CLANG_CXX_LANGUAGE_STANDARD = "gnu++0x";
				CLANG_CXX_LIBRARY = "libc++";
				CLANG_ENABLE_MODULES = YES;
				CLANG_ENABLE_OBJC_ARC = YES;
				CLANG_WARN_BOOL_CONVERSION = YES;
				CLANG_WARN_CONSTANT_CONVERSION = YES;
				CLANG_WARN_DIRECT_OBJC_ISA_USAGE = YES_ERROR;
				CLANG_WARN_DOCUMENTATION_COMMENTS = YES;
				CLANG_WARN_EMPTY_BODY = YES;
				CLANG_WARN_ENUM_CONVERSION = YES;
				CLANG_WARN_INFINITE_RECURSION = YES;
				CLANG_WARN_INT_CONVERSION = YES;
				CLANG_WARN_OBJC_ROOT_CLASS = YES_ERROR;
				CLANG_WARN_SUSPICIOUS_MOVES = YES;
				CLANG_WARN_UNREACHABLE_CODE = YES;
				CLANG_WARN__DUPLICATE_METHOD_MATCH = YES;
				"CODE_SIGN_IDENTITY[sdk=iphoneos*]" = "iPhone Developer";
				COPY_PHASE_STRIP = NO;
				DEBUG_INFORMATION_FORMAT = dwarf;
				ENABLE_STRICT_OBJC_MSGSEND = YES;
				ENABLE_TESTABILITY = YES;
				GCC_C_LANGUAGE_STANDARD = gnu99;
				GCC_DYNAMIC_NO_PIC = NO;
				GCC_NO_COMMON_BLOCKS = YES;
				GCC_OPTIMIZATION_LEVEL = 0;
				GCC_PREPROCESSOR_DEFINITIONS = (
					"DEBUG=1",
					"$(inherited)",
				);
				GCC_WARN_64_TO_32_BIT_CONVERSION = YES;
				GCC_WARN_ABOUT_RETURN_TYPE = YES_ERROR;
				GCC_WARN_UNDECLARED_SELECTOR = YES;
				GCC_WARN_UNINITIALIZED_AUTOS = YES_AGGRESSIVE;
				GCC_WARN_UNUSED_FUNCTION = YES;
				GCC_WARN_UNUSED_VARIABLE = YES;
				IPHONEOS_DEPLOYMENT_TARGET = 10.0;
				MTL_ENABLE_DEBUG_INFO = YES;
				ONLY_ACTIVE_ARCH = YES;
				SDKROOT = iphoneos;
				TARGETED_DEVICE_FAMILY = "1,2";
			};
			name = Debug;
		};
		864E1F6D1DBB82200075C1D2 /* Release */ = {
			isa = XCBuildConfiguration;
			buildSettings = {
				ALWAYS_SEARCH_USER_PATHS = NO;
				CLANG_ANALYZER_NONNULL = YES;
				CLANG_CXX_LANGUAGE_STANDARD = "gnu++0x";
				CLANG_CXX_LIBRARY = "libc++";
				CLANG_ENABLE_MODULES = YES;
				CLANG_ENABLE_OBJC_ARC = YES;
				CLANG_WARN_BOOL_CONVERSION = YES;
				CLANG_WARN_CONSTANT_CONVERSION = YES;
				CLANG_WARN_DIRECT_OBJC_ISA_USAGE = YES_ERROR;
				CLANG_WARN_DOCUMENTATION_COMMENTS = YES;
				CLANG_WARN_EMPTY_BODY = YES;
				CLANG_WARN_ENUM_CONVERSION = YES;
				CLANG_WARN_INFINITE_RECURSION = YES;
				CLANG_WARN_INT_CONVERSION = YES;
				CLANG_WARN_OBJC_ROOT_CLASS = YES_ERROR;
				CLANG_WARN_SUSPICIOUS_MOVES = YES;
				CLANG_WARN_UNREACHABLE_CODE = YES;
				CLANG_WARN__DUPLICATE_METHOD_MATCH = YES;
				"CODE_SIGN_IDENTITY[sdk=iphoneos*]" = "iPhone Developer";
				COPY_PHASE_STRIP = NO;
				DEBUG_INFORMATION_FORMAT = "dwarf-with-dsym";
				ENABLE_NS_ASSERTIONS = NO;
				ENABLE_STRICT_OBJC_MSGSEND = YES;
				GCC_C_LANGUAGE_STANDARD = gnu99;
				GCC_NO_COMMON_BLOCKS = YES;
				GCC_WARN_64_TO_32_BIT_CONVERSION = YES;
				GCC_WARN_ABOUT_RETURN_TYPE = YES_ERROR;
				GCC_WARN_UNDECLARED_SELECTOR = YES;
				GCC_WARN_UNINITIALIZED_AUTOS = YES_AGGRESSIVE;
				GCC_WARN_UNUSED_FUNCTION = YES;
				GCC_WARN_UNUSED_VARIABLE = YES;
				IPHONEOS_DEPLOYMENT_TARGET = 10.0;
				MTL_ENABLE_DEBUG_INFO = NO;
				SDKROOT = iphoneos;
				TARGETED_DEVICE_FAMILY = "1,2";
				VALIDATE_PRODUCT = YES;
			};
			name = Release;
		};
		864E1F6F1DBB82200075C1D2 /* Debug */ = {
			isa = XCBuildConfiguration;
			buildSettings = {
				ASSETCATALOG_COMPILER_APPICON_NAME = AppIcon;
				INFOPLIST_FILE = LX10.22/Info.plist;
				LD_RUNPATH_SEARCH_PATHS = "$(inherited) @executable_path/Frameworks";
				PRODUCT_BUNDLE_IDENTIFIER = "Es.LX10-22";
				PRODUCT_NAME = "$(TARGET_NAME)";
			};
			name = Debug;
		};
		864E1F701DBB82200075C1D2 /* Release */ = {
			isa = XCBuildConfiguration;
			buildSettings = {
				ASSETCATALOG_COMPILER_APPICON_NAME = AppIcon;
				INFOPLIST_FILE = LX10.22/Info.plist;
				LD_RUNPATH_SEARCH_PATHS = "$(inherited) @executable_path/Frameworks";
				PRODUCT_BUNDLE_IDENTIFIER = "Es.LX10-22";
				PRODUCT_NAME = "$(TARGET_NAME)";
			};
			name = Release;
		};
		864E1F721DBB82200075C1D2 /* Debug */ = {
			isa = XCBuildConfiguration;
			buildSettings = {
				BUNDLE_LOADER = "$(TEST_HOST)";
				INFOPLIST_FILE = LX10.22Tests/Info.plist;
				LD_RUNPATH_SEARCH_PATHS = "$(inherited) @executable_path/Frameworks @loader_path/Frameworks";
				PRODUCT_BUNDLE_IDENTIFIER = "Es.LX10-22Tests";
				PRODUCT_NAME = "$(TARGET_NAME)";
				TEST_HOST = "$(BUILT_PRODUCTS_DIR)/LX10.22.app/LX10.22";
			};
			name = Debug;
		};
		864E1F731DBB82200075C1D2 /* Release */ = {
			isa = XCBuildConfiguration;
			buildSettings = {
				BUNDLE_LOADER = "$(TEST_HOST)";
				INFOPLIST_FILE = LX10.22Tests/Info.plist;
				LD_RUNPATH_SEARCH_PATHS = "$(inherited) @executable_path/Frameworks @loader_path/Frameworks";
				PRODUCT_BUNDLE_IDENTIFIER = "Es.LX10-22Tests";
				PRODUCT_NAME = "$(TARGET_NAME)";
				TEST_HOST = "$(BUILT_PRODUCTS_DIR)/LX10.22.app/LX10.22";
			};
			name = Release;
		};
		864E1F751DBB82200075C1D2 /* Debug */ = {
			isa = XCBuildConfiguration;
			buildSettings = {
				INFOPLIST_FILE = LX10.22UITests/Info.plist;
				LD_RUNPATH_SEARCH_PATHS = "$(inherited) @executable_path/Frameworks @loader_path/Frameworks";
				PRODUCT_BUNDLE_IDENTIFIER = "Es.LX10-22UITests";
				PRODUCT_NAME = "$(TARGET_NAME)";
				TEST_TARGET_NAME = LX10.22;
			};
			name = Debug;
		};
		864E1F761DBB82200075C1D2 /* Release */ = {
			isa = XCBuildConfiguration;
			buildSettings = {
				INFOPLIST_FILE = LX10.22UITests/Info.plist;
				LD_RUNPATH_SEARCH_PATHS = "$(inherited) @executable_path/Frameworks @loader_path/Frameworks";
				PRODUCT_BUNDLE_IDENTIFIER = "Es.LX10-22UITests";
				PRODUCT_NAME = "$(TARGET_NAME)";
				TEST_TARGET_NAME = LX10.22;
			};
			name = Release;
		};
/* End XCBuildConfiguration section */

/* Begin XCConfigurationList section */
		864E1F3C1DBB82200075C1D2 /* Build configuration list for PBXProject "LX10.22" */ = {
			isa = XCConfigurationList;
			buildConfigurations = (
				864E1F6C1DBB82200075C1D2 /* Debug */,
				864E1F6D1DBB82200075C1D2 /* Release */,
			);
			defaultConfigurationIsVisible = 0;
			defaultConfigurationName = Release;
		};
		864E1F6E1DBB82200075C1D2 /* Build configuration list for PBXNativeTarget "LX10.22" */ = {
			isa = XCConfigurationList;
			buildConfigurations = (
				864E1F6F1DBB82200075C1D2 /* Debug */,
				864E1F701DBB82200075C1D2 /* Release */,
			);
			defaultConfigurationIsVisible = 0;
		};
		864E1F711DBB82200075C1D2 /* Build configuration list for PBXNativeTarget "LX10.22Tests" */ = {
			isa = XCConfigurationList;
			buildConfigurations = (
				864E1F721DBB82200075C1D2 /* Debug */,
				864E1F731DBB82200075C1D2 /* Release */,
			);
			defaultConfigurationIsVisible = 0;
		};
		864E1F741DBB82200075C1D2 /* Build configuration list for PBXNativeTarget "LX10.22UITests" */ = {
			isa = XCConfigurationList;
			buildConfigurations = (
				864E1F751DBB82200075C1D2 /* Debug */,
				864E1F761DBB82200075C1D2 /* Release */,
			);
			defaultConfigurationIsVisible = 0;
		};
/* End XCConfigurationList section */
	};
	rootObject = 864E1F391DBB82200075C1D2 /* Project object */;
}
